Microsoft Visual Studio Solution File, Format Version 12.00
# Visual Studio Version 17
VisualStudioVersion = 17.5.2.0
MinimumVisualStudioVersion = 10.0.40219.1
Project("{FAE04EC0-301F-11D3-BF4B-00C04F79EFBC}") = "GraftCodeTestServices", "GraftCodeTestServices.csproj", "{A6D90A6C-7CCF-2336-AD17-89C6A7ADADCF}"
EndProject
Global
	GlobalSection(SolutionConfigurationPlatforms) = preSolution
		Debug|Any CPU = Debug|Any CPU
		Release|Any CPU = Release|Any CPU
	EndGlobalSection
	GlobalSection(ProjectConfigurationPlatforms) = postSolution
		{A6D90A6C-7CCF-2336-AD17-89C6A7ADADCF}.Debug|Any CPU.ActiveCfg = Debug|Any CPU
		{A6D90A6C-7CCF-2336-AD17-89C6A7ADADCF}.Debug|Any CPU.Build.0 = Debug|Any CPU
		{A6D90A6C-7CCF-2336-AD17-89C6A7ADADCF}.Release|Any CPU.ActiveCfg = Release|Any CPU
		{A6D90A6C-7CCF-2336-AD17-89C6A7ADADCF}.Release|Any CPU.Build.0 = Release|Any CPU
	EndGlobalSection
	GlobalSection(SolutionProperties) = preSolution
		HideSolutionNode = FALSE
	EndGlobalSection
	GlobalSection(ExtensibilityGlobals) = postSolution
		SolutionGuid = {D8ABCEAF-FFF3-4A24-9F44-B90E7B7D4614}
	EndGlobalSection
EndGlobal
